{
  "name": "three.path",
  "version": "1.0.0",
  "lockfileVersion": 1,
  "requires": true,
  "dependencies": {
    "@types/estree": {
      "version": "0.0.39",
      "resolved": "https://registry.npmjs.org/@types/estree/-/estree-0.0.39.tgz",
      "integrity": "sha512-EYNwp3bU+98cpU4lAWYYL7Zz+2gryWH1qbdDTidVd6hkiR6weksdbMadyXKXNPEkQFhXM+hVO9ZygomHXp+AIw==",
      "dev": true
    },
    "@types/node": {
      "version": "10.3.3",
      "resolved": "https://registry.npmjs.org/@types/node/-/node-10.3.3.tgz",
      "integrity": "sha512-/gwCgiI2e9RzzZTKbl+am3vgNqOt7a9fJ/uxv4SqYKxenoEDNVU3KZEadlpusWhQI0A0dOrZ0T68JYKVjzmgdQ==",
      "dev": true
    },
    "rollup": {
      "version": "0.60.4",
      "resolved": "https://registry.npmjs.org/rollup/-/rollup-0.60.4.tgz",
      "integrity": "sha512-55x0sY6LPF7waMOaDa6QvTfEngyYpMNh48UWNEiZzwGA8x+sP2aH4c+H+1fTpFLay8Q6w1eE5Asrty7NW0nfrQ==",
      "dev": true,
      "requires": {
        "@types/estree": "0.0.39",
        "@types/node": "10.3.3"
      }
    }
  }
}
